
Microsoft Visual Studio Solution File, Format Version 12.00
# Visual Studio 15
VisualStudioVersion = 15.0.26403.7
MinimumVisualStudioVersion = 10.0.40219.1
Project("{9A19103F-16F7-4668-BE54-9A1E7A4F7556}") = "DgmlBuilder", "DgmlBuilder\DgmlBuilder.csproj", "{582E63A3-5B1C-4E05-8BFC-8468CE62B32E}"
EndProject
Global
	GlobalSection(SolutionConfigurationPlatforms) = preSolution
		Debug|Any CPU = Debug|Any CPU
		Release|Any CPU = Release|Any CPU
	EndGlobalSection
	GlobalSection(ProjectConfigurationPlatforms) = postSolution
		{582E63A3-5B1C-4E05-8BFC-8468CE62B32E}.Debug|Any CPU.ActiveCfg = Debug|Any CPU
		{582E63A3-5B1C-4E05-8BFC-8468CE62B32E}.Debug|Any CPU.Build.0 = Debug|Any CPU
		{582E63A3-5B1C-4E05-8BFC-8468CE62B32E}.Release|Any CPU.ActiveCfg = Release|Any CPU
		{582E63A3-5B1C-4E05-8BFC-8468CE62B32E}.Release|Any CPU.Build.0 = Release|Any CPU
		{81F5B069-5355-4C2C-90DC-CD3E62943DC1}.Debug|Any CPU.ActiveCfg = Debug|Any CPU
		{81F5B069-5355-4C2C-90DC-CD3E62943DC1}.Debug|Any CPU.Build.0 = Debug|Any CPU
		{81F5B069-5355-4C2C-90DC-CD3E62943DC1}.Release|Any CPU.ActiveCfg = Release|Any CPU
		{81F5B069-5355-4C2C-90DC-CD3E62943DC1}.Release|Any CPU.Build.0 = Release|Any CPU
	EndGlobalSection
	GlobalSection(SolutionProperties) = preSolution
		HideSolutionNode = FALSE
	EndGlobalSection
EndGlobal
